
Microsoft Visual Studio Solution File, Format Version 12.00
# Visual Studio 15
VisualStudioVersion = 15.0.28307.645
MinimumVisualStudioVersion = 10.0.40219.1
Project("{FAE04EC0-301F-11D3-BF4B-00C04F79EFBC}") = "Store.WebClient", "G05_Store\Store.WebClient.csproj", "{B25DE729-D041-4951-94B0-6482A283AFF0}"
EndProject
Project("{FAE04EC0-301F-11D3-BF4B-00C04F79EFBC}") = "Store.Domain", "Store.Domain\Store.Domain.csproj", "{3D971AA4-B528-4C9D-9E50-03BD28D88675}"
EndProject
Project("{FAE04EC0-301F-11D3-BF4B-00C04F79EFBC}") = "Store.Repository", "Store.Repository\Store.Repository.csproj", "{A7BFFE6E-0BDF-4DEE-BF3A-2EBB7D7AD86C}"
EndProject
Project("{FAE04EC0-301F-11D3-BF4B-00C04F79EFBC}") = "Store.Services", "Store.Services\Store.Services.csproj", "{2AC14F4B-8C8C-4AEC-8A4F-32A467E04803}"
EndProject
Project("{2150E333-8FDC-42A3-9474-1A3956D46DE8}") = "Core", "Core", "{DC9CF725-D020-4004-8B31-CEC8548020B0}"
EndProject
Project("{2150E333-8FDC-42A3-9474-1A3956D46DE8}") = "Addons", "Addons", "{2DC30E2C-3BFA-43AC-8DE3-A1BFB718DA98}"
EndProject
Project("{FAE04EC0-301F-11D3-BF4B-00C04F79EFBC}") = "Store.Extensions", "Store.Extensions\Store.Extensions.csproj", "{71ADC82B-6BB9-46B2-8224-C31BA166E506}"
EndProject
Project("{FAE04EC0-301F-11D3-BF4B-00C04F79EFBC}") = "Store.MailSender", "Store.MailSender\Store.MailSender.csproj", "{243A7A7B-F6D3-4F56-9FCB-98C4157FB613}"
EndProject
Project("{FAE04EC0-301F-11D3-BF4B-00C04F79EFBC}") = "Store.Logger", "Store.Logger\Store.Logger.csproj", "{7D32C305-663A-4F6D-BBC9-FAA760BEA3E9}"
EndProject
Project("{FAE04EC0-301F-11D3-BF4B-00C04F79EFBC}") = "Store.Security", "Store.Security\Store.Security.csproj", "{CA694C4F-556E-4A1F-A460-77247BDCD62A}"
EndProject
Project("{2150E333-8FDC-42A3-9474-1A3956D46DE8}") = "Web", "Web", "{4DE9E96A-4E15-4C57-89AD-51C5ED90FCF4}"
EndProject
Project("{FAE04EC0-301F-11D3-BF4B-00C04F79EFBC}") = "Store.WebAdmin", "Store.WebAdmin\Store.WebAdmin.csproj", "{53759531-828A-4D84-AB70-93C9298D238F}"
EndProject
Project("{2150E333-8FDC-42A3-9474-1A3956D46DE8}") = "Docs", "Docs", "{215B57C1-14AD-4FA2-9D0F-AEC35C2DFD5D}"
	ProjectSection(SolutionItems) = preProject
		Tasks.txt = Tasks.txt
	EndProjectSection
EndProject
Project("{FAE04EC0-301F-11D3-BF4B-00C04F79EFBC}") = "Test", "Test\Test.csproj", "{2A3F5AAF-8E30-4233-8F42-AE6B02311A33}"
EndProject
Project("{2150E333-8FDC-42A3-9474-1A3956D46DE8}") = "UnitTest", "UnitTest", "{AA9C5262-2485-4DB8-9870-E9FF268D9833}"
EndProject
Global
	GlobalSection(SolutionConfigurationPlatforms) = preSolution
		Debug|Any CPU = Debug|Any CPU
		Release|Any CPU = Release|Any CPU
	EndGlobalSection
	GlobalSection(ProjectConfigurationPlatforms) = postSolution
		{B25DE729-D041-4951-94B0-6482A283AFF0}.Debug|Any CPU.ActiveCfg = Debug|Any CPU
		{B25DE729-D041-4951-94B0-6482A283AFF0}.Debug|Any CPU.Build.0 = Debug|Any CPU
		{B25DE729-D041-4951-94B0-6482A283AFF0}.Release|Any CPU.ActiveCfg = Release|Any CPU
		{B25DE729-D041-4951-94B0-6482A283AFF0}.Release|Any CPU.Build.0 = Release|Any CPU
		{3D971AA4-B528-4C9D-9E50-03BD28D88675}.Debug|Any CPU.ActiveCfg = Debug|Any CPU
		{3D971AA4-B528-4C9D-9E50-03BD28D88675}.Debug|Any CPU.Build.0 = Debug|Any CPU
		{3D971AA4-B528-4C9D-9E50-03BD28D88675}.Release|Any CPU.ActiveCfg = Release|Any CPU
		{3D971AA4-B528-4C9D-9E50-03BD28D88675}.Release|Any CPU.Build.0 = Release|Any CPU
		{A7BFFE6E-0BDF-4DEE-BF3A-2EBB7D7AD86C}.Debug|Any CPU.ActiveCfg = Debug|Any CPU
		{A7BFFE6E-0BDF-4DEE-BF3A-2EBB7D7AD86C}.Debug|Any CPU.Build.0 = Debug|Any CPU
		{A7BFFE6E-0BDF-4DEE-BF3A-2EBB7D7AD86C}.Release|Any CPU.ActiveCfg = Release|Any CPU
		{A7BFFE6E-0BDF-4DEE-BF3A-2EBB7D7AD86C}.Release|Any CPU.Build.0 = Release|Any CPU
		{2AC14F4B-8C8C-4AEC-8A4F-32A467E04803}.Debug|Any CPU.ActiveCfg = Debug|Any CPU
		{2AC14F4B-8C8C-4AEC-8A4F-32A467E04803}.Debug|Any CPU.Build.0 = Debug|Any CPU
		{2AC14F4B-8C8C-4AEC-8A4F-32A467E04803}.Release|Any CPU.ActiveCfg = Release|Any CPU
		{2AC14F4B-8C8C-4AEC-8A4F-32A467E04803}.Release|Any CPU.Build.0 = Release|Any CPU
		{71ADC82B-6BB9-46B2-8224-C31BA166E506}.Debug|Any CPU.ActiveCfg = Debug|Any CPU
		{71ADC82B-6BB9-46B2-8224-C31BA166E506}.Debug|Any CPU.Build.0 = Debug|Any CPU
		{71ADC82B-6BB9-46B2-8224-C31BA166E506}.Release|Any CPU.ActiveCfg = Release|Any CPU
		{71ADC82B-6BB9-46B2-8224-C31BA166E506}.Release|Any CPU.Build.0 = Release|Any CPU
		{243A7A7B-F6D3-4F56-9FCB-98C4157FB613}.Debug|Any CPU.ActiveCfg = Debug|Any CPU
		{243A7A7B-F6D3-4F56-9FCB-98C4157FB613}.Debug|Any CPU.Build.0 = Debug|Any CPU
		{243A7A7B-F6D3-4F56-9FCB-98C4157FB613}.Release|Any CPU.ActiveCfg = Release|Any CPU
		{243A7A7B-F6D3-4F56-9FCB-98C4157FB613}.Release|Any CPU.Build.0 = Release|Any CPU
		{7D32C305-663A-4F6D-BBC9-FAA760BEA3E9}.Debug|Any CPU.ActiveCfg = Debug|Any CPU
		{7D32C305-663A-4F6D-BBC9-FAA760BEA3E9}.Debug|Any CPU.Build.0 = Debug|Any CPU
		{7D32C305-663A-4F6D-BBC9-FAA760BEA3E9}.Release|Any CPU.ActiveCfg = Release|Any CPU
		{7D32C305-663A-4F6D-BBC9-FAA760BEA3E9}.Release|Any CPU.Build.0 = Release|Any CPU
		{CA694C4F-556E-4A1F-A460-77247BDCD62A}.Debug|Any CPU.ActiveCfg = Debug|Any CPU
		{CA694C4F-556E-4A1F-A460-77247BDCD62A}.Debug|Any CPU.Build.0 = Debug|Any CPU
		{CA694C4F-556E-4A1F-A460-77247BDCD62A}.Release|Any CPU.ActiveCfg = Release|Any CPU
		{CA694C4F-556E-4A1F-A460-77247BDCD62A}.Release|Any CPU.Build.0 = Release|Any CPU
		{53759531-828A-4D84-AB70-93C9298D238F}.Debug|Any CPU.ActiveCfg = Debug|Any CPU
		{53759531-828A-4D84-AB70-93C9298D238F}.Debug|Any CPU.Build.0 = Debug|Any CPU
		{53759531-828A-4D84-AB70-93C9298D238F}.Release|Any CPU.ActiveCfg = Release|Any CPU
		{53759531-828A-4D84-AB70-93C9298D238F}.Release|Any CPU.Build.0 = Release|Any CPU
		{2A3F5AAF-8E30-4233-8F42-AE6B02311A33}.Debug|Any CPU.ActiveCfg = Debug|Any CPU
		{2A3F5AAF-8E30-4233-8F42-AE6B02311A33}.Debug|Any CPU.Build.0 = Debug|Any CPU
		{2A3F5AAF-8E30-4233-8F42-AE6B02311A33}.Release|Any CPU.ActiveCfg = Release|Any CPU
		{2A3F5AAF-8E30-4233-8F42-AE6B02311A33}.Release|Any CPU.Build.0 = Release|Any CPU
	EndGlobalSection
	GlobalSection(SolutionProperties) = preSolution
		HideSolutionNode = FALSE
	EndGlobalSection
	GlobalSection(NestedProjects) = preSolution
		{B25DE729-D041-4951-94B0-6482A283AFF0} = {4DE9E96A-4E15-4C57-89AD-51C5ED90FCF4}
		{3D971AA4-B528-4C9D-9E50-03BD28D88675} = {DC9CF725-D020-4004-8B31-CEC8548020B0}
		{A7BFFE6E-0BDF-4DEE-BF3A-2EBB7D7AD86C} = {DC9CF725-D020-4004-8B31-CEC8548020B0}
		{2AC14F4B-8C8C-4AEC-8A4F-32A467E04803} = {DC9CF725-D020-4004-8B31-CEC8548020B0}
		{71ADC82B-6BB9-46B2-8224-C31BA166E506} = {2DC30E2C-3BFA-43AC-8DE3-A1BFB718DA98}
		{243A7A7B-F6D3-4F56-9FCB-98C4157FB613} = {2DC30E2C-3BFA-43AC-8DE3-A1BFB718DA98}
		{7D32C305-663A-4F6D-BBC9-FAA760BEA3E9} = {2DC30E2C-3BFA-43AC-8DE3-A1BFB718DA98}
		{CA694C4F-556E-4A1F-A460-77247BDCD62A} = {2DC30E2C-3BFA-43AC-8DE3-A1BFB718DA98}
		{53759531-828A-4D84-AB70-93C9298D238F} = {4DE9E96A-4E15-4C57-89AD-51C5ED90FCF4}
		{2A3F5AAF-8E30-4233-8F42-AE6B02311A33} = {AA9C5262-2485-4DB8-9870-E9FF268D9833}
	EndGlobalSection
	GlobalSection(ExtensibilityGlobals) = postSolution
		SolutionGuid = {7F2FE1AE-CACD-4454-A4EF-B5747D121C79}
	EndGlobalSection
EndGlobal
